
Microsoft Visual Studio Solution File, Format Version 12.00
# Visual Studio Version 16
VisualStudioVersion = 16.0.29920.165
MinimumVisualStudioVersion = 10.0.40219.1
Project("{00D1A9C2-B5F0-4AF3-8072-F6C62B433612}") = "Northwind", "Northwind\Northwind.sqlproj", "{308BBFC6-2CE9-422E-9B14-5E7862EC2498}"
EndProject
Global
	GlobalSection(SolutionConfigurationPlatforms) = preSolution
		Debug|Any CPU = Debug|Any CPU
		Release|Any CPU = Release|Any CPU
	EndGlobalSection
	GlobalSection(ProjectConfigurationPlatforms) = postSolution
		{308BBFC6-2CE9-422E-9B14-5E7862EC2498}.Debug|Any CPU.ActiveCfg = Debug|Any CPU
		{308BBFC6-2CE9-422E-9B14-5E7862EC2498}.Debug|Any CPU.Build.0 = Debug|Any CPU
		{308BBFC6-2CE9-422E-9B14-5E7862EC2498}.Debug|Any CPU.Deploy.0 = Debug|Any CPU
		{308BBFC6-2CE9-422E-9B14-5E7862EC2498}.Release|Any CPU.ActiveCfg = Release|Any CPU
		{308BBFC6-2CE9-422E-9B14-5E7862EC2498}.Release|Any CPU.Build.0 = Release|Any CPU
		{308BBFC6-2CE9-422E-9B14-5E7862EC2498}.Release|Any CPU.Deploy.0 = Release|Any CPU
	EndGlobalSection
	GlobalSection(SolutionProperties) = preSolution
		HideSolutionNode = FALSE
	EndGlobalSection
	GlobalSection(ExtensibilityGlobals) = postSolution
		SolutionGuid = {A74AB88B-AEB4-4258-94A6-93EAAAA95C5D}
	EndGlobalSection
EndGlobal
